
Microsoft Visual Studio Solution File, Format Version 12.00
# Visual Studio Version 17
VisualStudioVersion = 17.9.34607.119
MinimumVisualStudioVersion = 10.0.40219.1
Project("{9A19103F-16F7-4668-BE54-9A1E7A4F7556}") = "OnlineShopping_csit", "OnlineShopping_csit\OnlineShopping_csit.csproj", "{865FFF00-A9D6-47FA-A83C-BD0B6D9FB9CA}"
EndProject
Project("{FAE04EC0-301F-11D3-BF4B-00C04F79EFBC}") = "OnlineShopping_API", "OnlineShopping_API\OnlineShopping_API.csproj", "{C19A018E-EC9A-493E-BF59-3990FA4D9026}"
EndProject
Global
	GlobalSection(SolutionConfigurationPlatforms) = preSolution
		Debug|Any CPU = Debug|Any CPU
		Release|Any CPU = Release|Any CPU
	EndGlobalSection
	GlobalSection(ProjectConfigurationPlatforms) = postSolution
		{865FFF00-A9D6-47FA-A83C-BD0B6D9FB9CA}.Debug|Any CPU.ActiveCfg = Debug|Any CPU
		{865FFF00-A9D6-47FA-A83C-BD0B6D9FB9CA}.Debug|Any CPU.Build.0 = Debug|Any CPU
		{865FFF00-A9D6-47FA-A83C-BD0B6D9FB9CA}.Release|Any CPU.ActiveCfg = Release|Any CPU
		{865FFF00-A9D6-47FA-A83C-BD0B6D9FB9CA}.Release|Any CPU.Build.0 = Release|Any CPU
		{C19A018E-EC9A-493E-BF59-3990FA4D9026}.Debug|Any CPU.ActiveCfg = Debug|Any CPU
		{C19A018E-EC9A-493E-BF59-3990FA4D9026}.Debug|Any CPU.Build.0 = Debug|Any CPU
		{C19A018E-EC9A-493E-BF59-3990FA4D9026}.Release|Any CPU.ActiveCfg = Release|Any CPU
		{C19A018E-EC9A-493E-BF59-3990FA4D9026}.Release|Any CPU.Build.0 = Release|Any CPU
	EndGlobalSection
	GlobalSection(SolutionProperties) = preSolution
		HideSolutionNode = FALSE
	EndGlobalSection
	GlobalSection(ExtensibilityGlobals) = postSolution
		SolutionGuid = {04AF719B-81C7-450E-90F7-A5F553443679}
	EndGlobalSection
EndGlobal
